
Microsoft Visual Studio Solution File, Format Version 12.00
# Visual Studio Version 17
VisualStudioVersion = 17.11.35327.3
MinimumVisualStudioVersion = 10.0.40219.1
Project("{FAE04EC0-301F-11D3-BF4B-00C04F79EFBC}") = "scottishglennprototype", "scottishglennprototype\scottishglennprototype.csproj", "{68CDB47E-5175-4A47-AFF2-C72362947518}"
EndProject
Global
	GlobalSection(SolutionConfigurationPlatforms) = preSolution
		Debug|Any CPU = Debug|Any CPU
		Release|Any CPU = Release|Any CPU
	EndGlobalSection
	GlobalSection(ProjectConfigurationPlatforms) = postSolution
		{68CDB47E-5175-4A47-AFF2-C72362947518}.Debug|Any CPU.ActiveCfg = Debug|Any CPU
		{68CDB47E-5175-4A47-AFF2-C72362947518}.Debug|Any CPU.Build.0 = Debug|Any CPU
		{68CDB47E-5175-4A47-AFF2-C72362947518}.Release|Any CPU.ActiveCfg = Release|Any CPU
		{68CDB47E-5175-4A47-AFF2-C72362947518}.Release|Any CPU.Build.0 = Release|Any CPU
	EndGlobalSection
	GlobalSection(SolutionProperties) = preSolution
		HideSolutionNode = FALSE
	EndGlobalSection
	GlobalSection(ExtensibilityGlobals) = postSolution
		SolutionGuid = {DEBDB2AF-8A38-42DD-817B-E5EC8F35ECBD}
	EndGlobalSection
EndGlobal
